
Microsoft Visual Studio Solution File, Format Version 12.00
# Visual Studio 15
VisualStudioVersion = 15.0.27130.2036
MinimumVisualStudioVersion = 10.0.40219.1
Project("{FAE04EC0-301F-11D3-BF4B-00C04F79EFBC}") = "MapStitcher", "MapStitcher\MapStitcher.csproj", "{A8FD28A8-B5EE-4845-B850-40F0C3B1F34B}"
EndProject
Project("{FAE04EC0-301F-11D3-BF4B-00C04F79EFBC}") = "BPUtil", "..\BPUtil\BPUtil\BPUtil.csproj", "{A4981D8D-DEBF-4B34-B9CE-FF25520A02B7}"
EndProject
Global
	GlobalSection(SolutionConfigurationPlatforms) = preSolution
		Debug|Any CPU = Debug|Any CPU
		Debug|x64 = Debug|x64
		Release|Any CPU = Release|Any CPU
		Release|x64 = Release|x64
	EndGlobalSection
	GlobalSection(ProjectConfigurationPlatforms) = postSolution
		{A8FD28A8-B5EE-4845-B850-40F0C3B1F34B}.Debug|Any CPU.ActiveCfg = Debug|x64
		{A8FD28A8-B5EE-4845-B850-40F0C3B1F34B}.Debug|x64.ActiveCfg = Debug|x64
		{A8FD28A8-B5EE-4845-B850-40F0C3B1F34B}.Debug|x64.Build.0 = Debug|x64
		{A8FD28A8-B5EE-4845-B850-40F0C3B1F34B}.Release|Any CPU.ActiveCfg = Release|x64
		{A8FD28A8-B5EE-4845-B850-40F0C3B1F34B}.Release|x64.ActiveCfg = Release|x64
		{A8FD28A8-B5EE-4845-B850-40F0C3B1F34B}.Release|x64.Build.0 = Release|x64
		{A4981D8D-DEBF-4B34-B9CE-FF25520A02B7}.Debug|Any CPU.ActiveCfg = Debug|Any CPU
		{A4981D8D-DEBF-4B34-B9CE-FF25520A02B7}.Debug|Any CPU.Build.0 = Debug|Any CPU
		{A4981D8D-DEBF-4B34-B9CE-FF25520A02B7}.Debug|x64.ActiveCfg = Debug|Any CPU
		{A4981D8D-DEBF-4B34-B9CE-FF25520A02B7}.Debug|x64.Build.0 = Debug|Any CPU
		{A4981D8D-DEBF-4B34-B9CE-FF25520A02B7}.Release|Any CPU.ActiveCfg = Release|Any CPU
		{A4981D8D-DEBF-4B34-B9CE-FF25520A02B7}.Release|Any CPU.Build.0 = Release|Any CPU
		{A4981D8D-DEBF-4B34-B9CE-FF25520A02B7}.Release|x64.ActiveCfg = Release|Any CPU
		{A4981D8D-DEBF-4B34-B9CE-FF25520A02B7}.Release|x64.Build.0 = Release|Any CPU
	EndGlobalSection
	GlobalSection(SolutionProperties) = preSolution
		HideSolutionNode = FALSE
	EndGlobalSection
	GlobalSection(ExtensibilityGlobals) = postSolution
		SolutionGuid = {598C83F0-F5C4-44E0-9D78-5E1822047840}
	EndGlobalSection
EndGlobal
